
Microsoft Visual Studio Solution File, Format Version 12.00
# Visual Studio Version 17
VisualStudioVersion = 17.2.32602.215
MinimumVisualStudioVersion = 10.0.40219.1
Project("{FAE04EC0-301F-11D3-BF4B-00C04F79EFBC}") = "webApiPTI", "webApiPTI\webApiPTI.csproj", "{5DD28410-2CBC-433C-944F-0AFF0D7AF87D}"
EndProject
Global
	GlobalSection(SolutionConfigurationPlatforms) = preSolution
		Debug|Any CPU = Debug|Any CPU
		Release|Any CPU = Release|Any CPU
	EndGlobalSection
	GlobalSection(ProjectConfigurationPlatforms) = postSolution
		{5DD28410-2CBC-433C-944F-0AFF0D7AF87D}.Debug|Any CPU.ActiveCfg = Debug|Any CPU
		{5DD28410-2CBC-433C-944F-0AFF0D7AF87D}.Debug|Any CPU.Build.0 = Debug|Any CPU
		{5DD28410-2CBC-433C-944F-0AFF0D7AF87D}.Release|Any CPU.ActiveCfg = Release|Any CPU
		{5DD28410-2CBC-433C-944F-0AFF0D7AF87D}.Release|Any CPU.Build.0 = Release|Any CPU
	EndGlobalSection
	GlobalSection(SolutionProperties) = preSolution
		HideSolutionNode = FALSE
	EndGlobalSection
	GlobalSection(ExtensibilityGlobals) = postSolution
		SolutionGuid = {06BD7860-DED3-4A85-ADE9-0790F7F430CD}
	EndGlobalSection
EndGlobal
